
Microsoft Visual Studio Solution File, Format Version 12.00
# Visual Studio Version 17
VisualStudioVersion = 17.1.32319.34
MinimumVisualStudioVersion = 10.0.40219.1
Project("{FAE04EC0-301F-11D3-BF4B-00C04F79EFBC}") = "StockControllerV20", "StockControllerV20\StockControllerV20.csproj", "{33DB8909-18C7-4B64-B2C5-1C5218FE59C9}"
EndProject
Global
	GlobalSection(SolutionConfigurationPlatforms) = preSolution
		Debug|Any CPU = Debug|Any CPU
		Release|Any CPU = Release|Any CPU
	EndGlobalSection
	GlobalSection(ProjectConfigurationPlatforms) = postSolution
		{33DB8909-18C7-4B64-B2C5-1C5218FE59C9}.Debug|Any CPU.ActiveCfg = Debug|Any CPU
		{33DB8909-18C7-4B64-B2C5-1C5218FE59C9}.Debug|Any CPU.Build.0 = Debug|Any CPU
		{33DB8909-18C7-4B64-B2C5-1C5218FE59C9}.Release|Any CPU.ActiveCfg = Release|Any CPU
		{33DB8909-18C7-4B64-B2C5-1C5218FE59C9}.Release|Any CPU.Build.0 = Release|Any CPU
	EndGlobalSection
	GlobalSection(SolutionProperties) = preSolution
		HideSolutionNode = FALSE
	EndGlobalSection
	GlobalSection(ExtensibilityGlobals) = postSolution
		SolutionGuid = {688B4569-17D7-4793-ADF7-6D8852AD61CA}
	EndGlobalSection
EndGlobal
